{
  "name": "@azimutt/phoenix-app",
  "version": "0.0.1",
  "lockfileVersion": 3,
  "requires": true,
  "packages": {
    "": {
      "name": "@azimutt/phoenix-app",
      "version": "0.0.1",
      "license": "MIT",
      "dependencies": {
        "alpinejs": "^3.14.3",
        "highlight.js": "^11.10.0",
        "topbar": "^3.0.0"
      },
      "devDependencies": {
        "@types/alpinejs": "^3.13.10",
        "@types/phoenix": "^1.6.5",
        "@types/phoenix_live_view": "^0.18.5",
        "typescript": "^5.6.3"
      }
    },
    "node_modules/@types/alpinejs": {
      "version": "3.13.10",
      "resolved": "https://registry.npmjs.org/@types/alpinejs/-/alpinejs-3.13.10.tgz",
      "integrity": "sha512-ah53tF6mWuuwerpDE7EHwbZErNDJQlsLISPqJhYj2RZ9nuTYbRknSkqebUd3igkhLIZKkPa7IiXjSn9qsU9O2w==",
      "dev": true
    },
    "node_modules/@types/phoenix": {
      "version": "1.6.5",
      "resolved": "https://registry.npmjs.org/@types/phoenix/-/phoenix-1.6.5.tgz",
      "integrity": "sha512-xegpDuR+z0UqG9fwHqNoy3rI7JDlvaPh2TY47Fl80oq6g+hXT+c/LEuE43X48clZ6lOfANl5WrPur9fYO1RJ/w==",
      "dev": true
    },
    "node_modules/@types/phoenix_live_view": {
      "version": "0.18.5",
      "resolved": "https://registry.npmjs.org/@types/phoenix_live_view/-/phoenix_live_view-0.18.5.tgz",
      "integrity": "sha512-mxj3KVkp+wX+hLFAILTbfIx5Q890TBgs/jxc6nmmVv6bW6Z9qer/5tZtGOcL3IES75QqqOHSTrjwwz0iZBs0lw==",
      "dev": true,
      "dependencies": {
        "@types/phoenix": "*"
      }
    },
    "node_modules/@vue/reactivity": {
      "version": "3.1.5",
      "resolved": "https://registry.npmjs.org/@vue/reactivity/-/reactivity-3.1.5.tgz",
      "integrity": "sha512-1tdfLmNjWG6t/CsPldh+foumYFo3cpyCHgBYQ34ylaMsJ+SNHQ1kApMIa8jN+i593zQuaw3AdWH0nJTARzCFhg==",
      "dependencies": {
        "@vue/shared": "3.1.5"
      }
    },
    "node_modules/@vue/shared": {
      "version": "3.1.5",
      "resolved": "https://registry.npmjs.org/@vue/shared/-/shared-3.1.5.tgz",
      "integrity": "sha512-oJ4F3TnvpXaQwZJNF3ZK+kLPHKarDmJjJ6jyzVNDKH9md1dptjC7lWR//jrGuLdek/U6iltWxqAnYOu8gCiOvA=="
    },
    "node_modules/alpinejs": {
      "version": "3.14.3",
      "resolved": "https://registry.npmjs.org/alpinejs/-/alpinejs-3.14.3.tgz",
      "integrity": "sha512-cL8JBEDAm4UeVjTN5QnFl8QgMGUwxFn1GvQvu3RtfAHUrAPRahGihrsWpKnEK9L0QMqsAPk/R8MylMWKHaK33A==",
      "dependencies": {
        "@vue/reactivity": "~3.1.1"
      }
    },
    "node_modules/highlight.js": {
      "version": "11.10.0",
      "resolved": "https://registry.npmjs.org/highlight.js/-/highlight.js-11.10.0.tgz",
      "integrity": "sha512-SYVnVFswQER+zu1laSya563s+F8VDGt7o35d4utbamowvUNLLMovFqwCLSocpZTz3MgaSRA1IbqRWZv97dtErQ==",
      "engines": {
        "node": ">=12.0.0"
      }
    },
    "node_modules/topbar": {
      "version": "3.0.0",
      "resolved": "https://registry.npmjs.org/topbar/-/topbar-3.0.0.tgz",
      "integrity": "sha512-mhczD7KfYi1anfoMPKRdl0wPSWiYc0YOK4KyycYs3EaNT15pVVNDG5CtfgZcEBWIPJEdfR7r8K4hTXDD2ECBVQ=="
    },
    "node_modules/typescript": {
      "version": "5.6.3",
      "resolved": "https://registry.npmjs.org/typescript/-/typescript-5.6.3.tgz",
      "integrity": "sha512-hjcS1mhfuyi4WW8IWtjP7brDrG2cuDZukyrYrSauoXGNgx0S7zceP07adYkJycEr56BOUTNPzbInooiN3fn1qw==",
      "dev": true,
      "bin": {
        "tsc": "bin/tsc",
        "tsserver": "bin/tsserver"
      },
      "engines": {
        "node": ">=14.17"
      }
    }
  }
}
