{
  "name": "@azimutt/phoenix-app",
  "version": "0.0.1",
  "lockfileVersion": 3,
  "requires": true,
  "packages": {
    "": {
      "name": "@azimutt/phoenix-app",
      "version": "0.0.1",
      "license": "MIT",
      "dependencies": {
        "@azimutt/aml": "^0.1.2",
        "alpinejs": "^3.14.1",
        "highlight.js": "^11.10.0",
        "topbar": "^3.0.0"
      },
      "devDependencies": {
        "@types/alpinejs": "^3.13.10",
        "@types/phoenix": "^1.6.5",
        "@types/phoenix_live_view": "^0.18.5",
        "typescript": "^5.5.4"
      }
    },
    "node_modules/@azimutt/aml": {
      "version": "0.1.2",
      "resolved": "https://registry.npmjs.org/@azimutt/aml/-/aml-0.1.2.tgz",
      "integrity": "sha512-DE5gWLlAIrGX8Yd93KXVZ5hTaoXIBKEF/ZbOry7iTk6yKat/J4DxsuoiL0k+cJR8HQ67IxhJoVQIiXMX5iBHAA==",
      "dependencies": {
        "@azimutt/models": "^0.1.14",
        "@azimutt/utils": "^0.1.5",
        "chevrotain": "10.5.0"
      }
    },
    "node_modules/@azimutt/models": {
      "version": "0.1.14",
      "resolved": "https://registry.npmjs.org/@azimutt/models/-/models-0.1.14.tgz",
      "integrity": "sha512-rzF1OYLZufeBlf6v32eZ/9HI5+muCO1oJ4a6iS3j5b4J5hjJoN3jWwPUmA3+n0Wp2VY16UV/whWiWM+hlsL+/Q==",
      "dependencies": {
        "@azimutt/utils": "^0.1.5",
        "openai": "4.54.0",
        "zod": "3.23.8",
        "zod-to-json-schema": "3.23.2"
      }
    },
    "node_modules/@azimutt/utils": {
      "version": "0.1.5",
      "resolved": "https://registry.npmjs.org/@azimutt/utils/-/utils-0.1.5.tgz",
      "integrity": "sha512-QhfsGJqlfnUP+nOyhVXANNhBvMqYnQO6B6KoaOnZ+f0BpDGchs4BjMYy81rFYIPzoNSRg7qiQGmbw+zLjpZtBg=="
    },
    "node_modules/@chevrotain/cst-dts-gen": {
      "version": "10.5.0",
      "resolved": "https://registry.npmjs.org/@chevrotain/cst-dts-gen/-/cst-dts-gen-10.5.0.tgz",
      "integrity": "sha512-lhmC/FyqQ2o7pGK4Om+hzuDrm9rhFYIJ/AXoQBeongmn870Xeb0L6oGEiuR8nohFNL5sMaQEJWCxr1oIVIVXrw==",
      "dependencies": {
        "@chevrotain/gast": "10.5.0",
        "@chevrotain/types": "10.5.0",
        "lodash": "4.17.21"
      }
    },
    "node_modules/@chevrotain/gast": {
      "version": "10.5.0",
      "resolved": "https://registry.npmjs.org/@chevrotain/gast/-/gast-10.5.0.tgz",
      "integrity": "sha512-pXdMJ9XeDAbgOWKuD1Fldz4ieCs6+nLNmyVhe2gZVqoO7v8HXuHYs5OV2EzUtbuai37TlOAQHrTDvxMnvMJz3A==",
      "dependencies": {
        "@chevrotain/types": "10.5.0",
        "lodash": "4.17.21"
      }
    },
    "node_modules/@chevrotain/types": {
      "version": "10.5.0",
      "resolved": "https://registry.npmjs.org/@chevrotain/types/-/types-10.5.0.tgz",
      "integrity": "sha512-f1MAia0x/pAVPWH/T73BJVyO2XU5tI4/iE7cnxb7tqdNTNhQI3Uq3XkqcoteTmD4t1aM0LbHCJOhgIDn07kl2A=="
    },
    "node_modules/@chevrotain/utils": {
      "version": "10.5.0",
      "resolved": "https://registry.npmjs.org/@chevrotain/utils/-/utils-10.5.0.tgz",
      "integrity": "sha512-hBzuU5+JjB2cqNZyszkDHZgOSrUUT8V3dhgRl8Q9Gp6dAj/H5+KILGjbhDpc3Iy9qmqlm/akuOI2ut9VUtzJxQ=="
    },
    "node_modules/@types/alpinejs": {
      "version": "3.13.10",
      "resolved": "https://registry.npmjs.org/@types/alpinejs/-/alpinejs-3.13.10.tgz",
      "integrity": "sha512-ah53tF6mWuuwerpDE7EHwbZErNDJQlsLISPqJhYj2RZ9nuTYbRknSkqebUd3igkhLIZKkPa7IiXjSn9qsU9O2w==",
      "dev": true
    },
    "node_modules/@types/node": {
      "version": "18.19.48",
      "resolved": "https://registry.npmjs.org/@types/node/-/node-18.19.48.tgz",
      "integrity": "sha512-7WevbG4ekUcRQSZzOwxWgi5dZmTak7FaxXDoW7xVxPBmKx1rTzfmRLkeCgJzcbBnOV2dkhAPc8cCeT6agocpjg==",
      "dependencies": {
        "undici-types": "~5.26.4"
      }
    },
    "node_modules/@types/node-fetch": {
      "version": "2.6.11",
      "resolved": "https://registry.npmjs.org/@types/node-fetch/-/node-fetch-2.6.11.tgz",
      "integrity": "sha512-24xFj9R5+rfQJLRyM56qh+wnVSYhyXC2tkoBndtY0U+vubqNsYXGjufB2nn8Q6gt0LrARwL6UBtMCSVCwl4B1g==",
      "dependencies": {
        "@types/node": "*",
        "form-data": "^4.0.0"
      }
    },
    "node_modules/@types/phoenix": {
      "version": "1.6.5",
      "resolved": "https://registry.npmjs.org/@types/phoenix/-/phoenix-1.6.5.tgz",
      "integrity": "sha512-xegpDuR+z0UqG9fwHqNoy3rI7JDlvaPh2TY47Fl80oq6g+hXT+c/LEuE43X48clZ6lOfANl5WrPur9fYO1RJ/w==",
      "dev": true
    },
    "node_modules/@types/phoenix_live_view": {
      "version": "0.18.5",
      "resolved": "https://registry.npmjs.org/@types/phoenix_live_view/-/phoenix_live_view-0.18.5.tgz",
      "integrity": "sha512-mxj3KVkp+wX+hLFAILTbfIx5Q890TBgs/jxc6nmmVv6bW6Z9qer/5tZtGOcL3IES75QqqOHSTrjwwz0iZBs0lw==",
      "dev": true,
      "dependencies": {
        "@types/phoenix": "*"
      }
    },
    "node_modules/@vue/reactivity": {
      "version": "3.1.5",
      "resolved": "https://registry.npmjs.org/@vue/reactivity/-/reactivity-3.1.5.tgz",
      "integrity": "sha512-1tdfLmNjWG6t/CsPldh+foumYFo3cpyCHgBYQ34ylaMsJ+SNHQ1kApMIa8jN+i593zQuaw3AdWH0nJTARzCFhg==",
      "dependencies": {
        "@vue/shared": "3.1.5"
      }
    },
    "node_modules/@vue/shared": {
      "version": "3.1.5",
      "resolved": "https://registry.npmjs.org/@vue/shared/-/shared-3.1.5.tgz",
      "integrity": "sha512-oJ4F3TnvpXaQwZJNF3ZK+kLPHKarDmJjJ6jyzVNDKH9md1dptjC7lWR//jrGuLdek/U6iltWxqAnYOu8gCiOvA=="
    },
    "node_modules/abort-controller": {
      "version": "3.0.0",
      "resolved": "https://registry.npmjs.org/abort-controller/-/abort-controller-3.0.0.tgz",
      "integrity": "sha512-h8lQ8tacZYnR3vNQTgibj+tODHI5/+l06Au2Pcriv/Gmet0eaj4TwWH41sO9wnHDiQsEj19q0drzdWdeAHtweg==",
      "dependencies": {
        "event-target-shim": "^5.0.0"
      },
      "engines": {
        "node": ">=6.5"
      }
    },
    "node_modules/agentkeepalive": {
      "version": "4.5.0",
      "resolved": "https://registry.npmjs.org/agentkeepalive/-/agentkeepalive-4.5.0.tgz",
      "integrity": "sha512-5GG/5IbQQpC9FpkRGsSvZI5QYeSCzlJHdpBQntCsuTOxhKD8lqKhrleg2Yi7yvMIf82Ycmmqln9U8V9qwEiJew==",
      "dependencies": {
        "humanize-ms": "^1.2.1"
      },
      "engines": {
        "node": ">= 8.0.0"
      }
    },
    "node_modules/alpinejs": {
      "version": "3.14.1",
      "resolved": "https://registry.npmjs.org/alpinejs/-/alpinejs-3.14.1.tgz",
      "integrity": "sha512-ICar8UsnRZAYvv/fCNfNeKMXNoXGUfwHrjx7LqXd08zIP95G2d9bAOuaL97re+1mgt/HojqHsfdOLo/A5LuWgQ==",
      "dependencies": {
        "@vue/reactivity": "~3.1.1"
      }
    },
    "node_modules/asynckit": {
      "version": "0.4.0",
      "resolved": "https://registry.npmjs.org/asynckit/-/asynckit-0.4.0.tgz",
      "integrity": "sha512-Oei9OH4tRh0YqU3GxhX79dM/mwVgvbZJaSNaRk+bshkj0S5cfHcgYakreBjrHwatXKbz+IoIdYLxrKim2MjW0Q=="
    },
    "node_modules/chevrotain": {
      "version": "10.5.0",
      "resolved": "https://registry.npmjs.org/chevrotain/-/chevrotain-10.5.0.tgz",
      "integrity": "sha512-Pkv5rBY3+CsHOYfV5g/Vs5JY9WTHHDEKOlohI2XeygaZhUeqhAlldZ8Hz9cRmxu709bvS08YzxHdTPHhffc13A==",
      "dependencies": {
        "@chevrotain/cst-dts-gen": "10.5.0",
        "@chevrotain/gast": "10.5.0",
        "@chevrotain/types": "10.5.0",
        "@chevrotain/utils": "10.5.0",
        "lodash": "4.17.21",
        "regexp-to-ast": "0.5.0"
      }
    },
    "node_modules/combined-stream": {
      "version": "1.0.8",
      "resolved": "https://registry.npmjs.org/combined-stream/-/combined-stream-1.0.8.tgz",
      "integrity": "sha512-FQN4MRfuJeHf7cBbBMJFXhKSDq+2kAArBlmRBvcvFE5BB1HZKXtSFASDhdlz9zOYwxh8lDdnvmMOe/+5cdoEdg==",
      "dependencies": {
        "delayed-stream": "~1.0.0"
      },
      "engines": {
        "node": ">= 0.8"
      }
    },
    "node_modules/delayed-stream": {
      "version": "1.0.0",
      "resolved": "https://registry.npmjs.org/delayed-stream/-/delayed-stream-1.0.0.tgz",
      "integrity": "sha512-ZySD7Nf91aLB0RxL4KGrKHBXl7Eds1DAmEdcoVawXnLD7SDhpNgtuII2aAkg7a7QS41jxPSZ17p4VdGnMHk3MQ==",
      "engines": {
        "node": ">=0.4.0"
      }
    },
    "node_modules/event-target-shim": {
      "version": "5.0.1",
      "resolved": "https://registry.npmjs.org/event-target-shim/-/event-target-shim-5.0.1.tgz",
      "integrity": "sha512-i/2XbnSz/uxRCU6+NdVJgKWDTM427+MqYbkQzD321DuCQJUqOuJKIA0IM2+W2xtYHdKOmZ4dR6fExsd4SXL+WQ==",
      "engines": {
        "node": ">=6"
      }
    },
    "node_modules/form-data": {
      "version": "4.0.0",
      "resolved": "https://registry.npmjs.org/form-data/-/form-data-4.0.0.tgz",
      "integrity": "sha512-ETEklSGi5t0QMZuiXoA/Q6vcnxcLQP5vdugSpuAyi6SVGi2clPPp+xgEhuMaHC+zGgn31Kd235W35f7Hykkaww==",
      "dependencies": {
        "asynckit": "^0.4.0",
        "combined-stream": "^1.0.8",
        "mime-types": "^2.1.12"
      },
      "engines": {
        "node": ">= 6"
      }
    },
    "node_modules/form-data-encoder": {
      "version": "1.7.2",
      "resolved": "https://registry.npmjs.org/form-data-encoder/-/form-data-encoder-1.7.2.tgz",
      "integrity": "sha512-qfqtYan3rxrnCk1VYaA4H+Ms9xdpPqvLZa6xmMgFvhO32x7/3J/ExcTd6qpxM0vH2GdMI+poehyBZvqfMTto8A=="
    },
    "node_modules/formdata-node": {
      "version": "4.4.1",
      "resolved": "https://registry.npmjs.org/formdata-node/-/formdata-node-4.4.1.tgz",
      "integrity": "sha512-0iirZp3uVDjVGt9p49aTaqjk84TrglENEDuqfdlZQ1roC9CWlPk6Avf8EEnZNcAqPonwkG35x4n3ww/1THYAeQ==",
      "dependencies": {
        "node-domexception": "1.0.0",
        "web-streams-polyfill": "4.0.0-beta.3"
      },
      "engines": {
        "node": ">= 12.20"
      }
    },
    "node_modules/highlight.js": {
      "version": "11.10.0",
      "resolved": "https://registry.npmjs.org/highlight.js/-/highlight.js-11.10.0.tgz",
      "integrity": "sha512-SYVnVFswQER+zu1laSya563s+F8VDGt7o35d4utbamowvUNLLMovFqwCLSocpZTz3MgaSRA1IbqRWZv97dtErQ==",
      "engines": {
        "node": ">=12.0.0"
      }
    },
    "node_modules/humanize-ms": {
      "version": "1.2.1",
      "resolved": "https://registry.npmjs.org/humanize-ms/-/humanize-ms-1.2.1.tgz",
      "integrity": "sha512-Fl70vYtsAFb/C06PTS9dZBo7ihau+Tu/DNCk/OyHhea07S+aeMWpFFkUaXRa8fI+ScZbEI8dfSxwY7gxZ9SAVQ==",
      "dependencies": {
        "ms": "^2.0.0"
      }
    },
    "node_modules/lodash": {
      "version": "4.17.21",
      "resolved": "https://registry.npmjs.org/lodash/-/lodash-4.17.21.tgz",
      "integrity": "sha512-v2kDEe57lecTulaDIuNTPy3Ry4gLGJ6Z1O3vE1krgXZNrsQ+LFTGHVxVjcXPs17LhbZVGedAJv8XZ1tvj5FvSg=="
    },
    "node_modules/mime-db": {
      "version": "1.52.0",
      "resolved": "https://registry.npmjs.org/mime-db/-/mime-db-1.52.0.tgz",
      "integrity": "sha512-sPU4uV7dYlvtWJxwwxHD0PuihVNiE7TyAbQ5SWxDCB9mUYvOgroQOwYQQOKPJ8CIbE+1ETVlOoK1UC2nU3gYvg==",
      "engines": {
        "node": ">= 0.6"
      }
    },
    "node_modules/mime-types": {
      "version": "2.1.35",
      "resolved": "https://registry.npmjs.org/mime-types/-/mime-types-2.1.35.tgz",
      "integrity": "sha512-ZDY+bPm5zTTF+YpCrAU9nK0UgICYPT0QtT1NZWFv4s++TNkcgVaT0g6+4R2uI4MjQjzysHB1zxuWL50hzaeXiw==",
      "dependencies": {
        "mime-db": "1.52.0"
      },
      "engines": {
        "node": ">= 0.6"
      }
    },
    "node_modules/ms": {
      "version": "2.1.3",
      "resolved": "https://registry.npmjs.org/ms/-/ms-2.1.3.tgz",
      "integrity": "sha512-6FlzubTLZG3J2a/NVCAleEhjzq5oxgHyaCU9yYXvcLsvoVaHJq/s5xXI6/XXP6tz7R9xAOtHnSO/tXtF3WRTlA=="
    },
    "node_modules/node-domexception": {
      "version": "1.0.0",
      "resolved": "https://registry.npmjs.org/node-domexception/-/node-domexception-1.0.0.tgz",
      "integrity": "sha512-/jKZoMpw0F8GRwl4/eLROPA3cfcXtLApP0QzLmUT/HuPCZWyB7IY9ZrMeKw2O/nFIqPQB3PVM9aYm0F312AXDQ==",
      "funding": [
        {
          "type": "github",
          "url": "https://github.com/sponsors/jimmywarting"
        },
        {
          "type": "github",
          "url": "https://paypal.me/jimmywarting"
        }
      ],
      "engines": {
        "node": ">=10.5.0"
      }
    },
    "node_modules/node-fetch": {
      "version": "2.7.0",
      "resolved": "https://registry.npmjs.org/node-fetch/-/node-fetch-2.7.0.tgz",
      "integrity": "sha512-c4FRfUm/dbcWZ7U+1Wq0AwCyFL+3nt2bEw05wfxSz+DWpWsitgmSgYmy2dQdWyKC1694ELPqMs/YzUSNozLt8A==",
      "dependencies": {
        "whatwg-url": "^5.0.0"
      },
      "engines": {
        "node": "4.x || >=6.0.0"
      },
      "peerDependencies": {
        "encoding": "^0.1.0"
      },
      "peerDependenciesMeta": {
        "encoding": {
          "optional": true
        }
      }
    },
    "node_modules/openai": {
      "version": "4.54.0",
      "resolved": "https://registry.npmjs.org/openai/-/openai-4.54.0.tgz",
      "integrity": "sha512-e/12BdtTtj+tXs7iHm+Dm7H7WjEWnw7O52B2wSfCQ6lD5F6cvjzo7cANXy5TJ1Q3/qc8YRPT5wBTTFtP5sBp1g==",
      "dependencies": {
        "@types/node": "^18.11.18",
        "@types/node-fetch": "^2.6.4",
        "abort-controller": "^3.0.0",
        "agentkeepalive": "^4.2.1",
        "form-data-encoder": "1.7.2",
        "formdata-node": "^4.3.2",
        "node-fetch": "^2.6.7"
      },
      "bin": {
        "openai": "bin/cli"
      }
    },
    "node_modules/regexp-to-ast": {
      "version": "0.5.0",
      "resolved": "https://registry.npmjs.org/regexp-to-ast/-/regexp-to-ast-0.5.0.tgz",
      "integrity": "sha512-tlbJqcMHnPKI9zSrystikWKwHkBqu2a/Sgw01h3zFjvYrMxEDYHzzoMZnUrbIfpTFEsoRnnviOXNCzFiSc54Qw=="
    },
    "node_modules/topbar": {
      "version": "3.0.0",
      "resolved": "https://registry.npmjs.org/topbar/-/topbar-3.0.0.tgz",
      "integrity": "sha512-mhczD7KfYi1anfoMPKRdl0wPSWiYc0YOK4KyycYs3EaNT15pVVNDG5CtfgZcEBWIPJEdfR7r8K4hTXDD2ECBVQ=="
    },
    "node_modules/tr46": {
      "version": "0.0.3",
      "resolved": "https://registry.npmjs.org/tr46/-/tr46-0.0.3.tgz",
      "integrity": "sha512-N3WMsuqV66lT30CrXNbEjx4GEwlow3v6rr4mCcv6prnfwhS01rkgyFdjPNBYd9br7LpXV1+Emh01fHnq2Gdgrw=="
    },
    "node_modules/typescript": {
      "version": "5.5.4",
      "resolved": "https://registry.npmjs.org/typescript/-/typescript-5.5.4.tgz",
      "integrity": "sha512-Mtq29sKDAEYP7aljRgtPOpTvOfbwRWlS6dPRzwjdE+C0R4brX/GUyhHSecbHMFLNBLcJIPt9nl9yG5TZ1weH+Q==",
      "dev": true,
      "bin": {
        "tsc": "bin/tsc",
        "tsserver": "bin/tsserver"
      },
      "engines": {
        "node": ">=14.17"
      }
    },
    "node_modules/undici-types": {
      "version": "5.26.5",
      "resolved": "https://registry.npmjs.org/undici-types/-/undici-types-5.26.5.tgz",
      "integrity": "sha512-JlCMO+ehdEIKqlFxk6IfVoAUVmgz7cU7zD/h9XZ0qzeosSHmUJVOzSQvvYSYWXkFXC+IfLKSIffhv0sVZup6pA=="
    },
    "node_modules/web-streams-polyfill": {
      "version": "4.0.0-beta.3",
      "resolved": "https://registry.npmjs.org/web-streams-polyfill/-/web-streams-polyfill-4.0.0-beta.3.tgz",
      "integrity": "sha512-QW95TCTaHmsYfHDybGMwO5IJIM93I/6vTRk+daHTWFPhwh+C8Cg7j7XyKrwrj8Ib6vYXe0ocYNrmzY4xAAN6ug==",
      "engines": {
        "node": ">= 14"
      }
    },
    "node_modules/webidl-conversions": {
      "version": "3.0.1",
      "resolved": "https://registry.npmjs.org/webidl-conversions/-/webidl-conversions-3.0.1.tgz",
      "integrity": "sha512-2JAn3z8AR6rjK8Sm8orRC0h/bcl/DqL7tRPdGZ4I1CjdF+EaMLmYxBHyXuKL849eucPFhvBoxMsflfOb8kxaeQ=="
    },
    "node_modules/whatwg-url": {
      "version": "5.0.0",
      "resolved": "https://registry.npmjs.org/whatwg-url/-/whatwg-url-5.0.0.tgz",
      "integrity": "sha512-saE57nupxk6v3HY35+jzBwYa0rKSy0XR8JSxZPwgLr7ys0IBzhGviA1/TUGJLmSVqs8pb9AnvICXEuOHLprYTw==",
      "dependencies": {
        "tr46": "~0.0.3",
        "webidl-conversions": "^3.0.0"
      }
    },
    "node_modules/zod": {
      "version": "3.23.8",
      "resolved": "https://registry.npmjs.org/zod/-/zod-3.23.8.tgz",
      "integrity": "sha512-XBx9AXhXktjUqnepgTiE5flcKIYWi/rme0Eaj+5Y0lftuGBq+jyRu/md4WnuxqgP1ubdpNCsYEYPxrzVHD8d6g==",
      "funding": {
        "url": "https://github.com/sponsors/colinhacks"
      }
    },
    "node_modules/zod-to-json-schema": {
      "version": "3.23.2",
      "resolved": "https://registry.npmjs.org/zod-to-json-schema/-/zod-to-json-schema-3.23.2.tgz",
      "integrity": "sha512-uSt90Gzc/tUfyNqxnjlfBs8W6WSGpNBv0rVsNxP/BVSMHMKGdthPYff4xtCHYloJGM0CFxFsb3NbC0eqPhfImw==",
      "peerDependencies": {
        "zod": "^3.23.3"
      }
    }
  }
}
