%{
  "bcrypt_elixir": {:hex, :bcrypt_elixir, "3.0.1", "9be815469e6bfefec40fa74658ecbbe6897acfb57614df1416eeccd4903f602c", [:make, :mix], [{:comeonin, "~> 5.3", [hex: :comeonin, repo: "hexpm", optional: false]}, {:elixir_make, "~> 0.6", [hex: :elixir_make, repo: "hexpm", optional: false]}], "hexpm", "486bb95efb645d1efc6794c1ddd776a186a9a713abf06f45708a6ce324fb96cf"},
  "bunt": {:hex, :bunt, "0.2.1", "e2d4792f7bc0ced7583ab54922808919518d0e57ee162901a16a1b6664ef3b14", [:mix], [], "hexpm", "a330bfb4245239787b15005e66ae6845c9cd524a288f0d141c148b02603777a5"},
  "castore": {:hex, :castore, "1.0.1", "240b9edb4e9e94f8f56ab39d8d2d0a57f49e46c56aced8f873892df8ff64ff5a", [:mix], [], "hexpm", "b4951de93c224d44fac71614beabd88b71932d0b1dea80d2f80fb9044e01bbb3"},
  "certifi": {:hex, :certifi, "2.9.0", "6f2a475689dd47f19fb74334859d460a2dc4e3252a3324bd2111b8f0429e7e21", [:rebar3], [], "hexpm", "266da46bdb06d6c6d35fde799bcb28d36d985d424ad7c08b5bb48f5b5cdd4641"},
  "combine": {:hex, :combine, "0.10.0", "eff8224eeb56498a2af13011d142c5e7997a80c8f5b97c499f84c841032e429f", [:mix], [], "hexpm", "1b1dbc1790073076580d0d1d64e42eae2366583e7aecd455d1215b0d16f2451b"},
  "comeonin": {:hex, :comeonin, "5.3.3", "2c564dac95a35650e9b6acfe6d2952083d8a08e4a89b93a481acb552b325892e", [:mix], [], "hexpm", "3e38c9c2cb080828116597ca8807bb482618a315bfafd98c90bc22a821cc84df"},
  "connection": {:hex, :connection, "1.1.0", "ff2a49c4b75b6fb3e674bfc5536451607270aac754ffd1bdfe175abe4a6d7a68", [:mix], [], "hexpm", "722c1eb0a418fbe91ba7bd59a47e28008a189d47e37e0e7bb85585a016b2869c"},
  "cors_plug": {:hex, :cors_plug, "3.0.3", "7c3ac52b39624bc616db2e937c282f3f623f25f8d550068b6710e58d04a0e330", [:mix], [{:plug, "~> 1.13", [hex: :plug, repo: "hexpm", optional: false]}], "hexpm", "3f2d759e8c272ed3835fab2ef11b46bddab8c1ab9528167bd463b6452edf830d"},
  "cowboy": {:hex, :cowboy, "2.9.0", "865dd8b6607e14cf03282e10e934023a1bd8be6f6bacf921a7e2a96d800cd452", [:make, :rebar3], [{:cowlib, "2.11.0", [hex: :cowlib, repo: "hexpm", optional: false]}, {:ranch, "1.8.0", [hex: :ranch, repo: "hexpm", optional: false]}], "hexpm", "2c729f934b4e1aa149aff882f57c6372c15399a20d54f65c8d67bef583021bde"},
  "cowboy_telemetry": {:hex, :cowboy_telemetry, "0.4.0", "f239f68b588efa7707abce16a84d0d2acf3a0f50571f8bb7f56a15865aae820c", [:rebar3], [{:cowboy, "~> 2.7", [hex: :cowboy, repo: "hexpm", optional: false]}, {:telemetry, "~> 1.0", [hex: :telemetry, repo: "hexpm", optional: false]}], "hexpm", "7d98bac1ee4565d31b62d59f8823dfd8356a169e7fcbb83831b8a5397404c9de"},
  "cowlib": {:hex, :cowlib, "2.11.0", "0b9ff9c346629256c42ebe1eeb769a83c6cb771a6ee5960bd110ab0b9b872063", [:make, :rebar3], [], "hexpm", "2b3e9da0b21c4565751a6d4901c20d1b4cc25cbb7fd50d91d2ab6dd287bc86a9"},
  "credo": {:hex, :credo, "1.7.0", "6119bee47272e85995598ee04f2ebbed3e947678dee048d10b5feca139435f75", [:mix], [{:bunt, "~> 0.2.1", [hex: :bunt, repo: "hexpm", optional: false]}, {:file_system, "~> 0.2.8", [hex: :file_system, repo: "hexpm", optional: false]}, {:jason, "~> 1.0", [hex: :jason, repo: "hexpm", optional: false]}], "hexpm", "6839fcf63d1f0d1c0f450abc8564a57c43d644077ab96f2934563e68b8a769d7"},
  "db_connection": {:hex, :db_connection, "2.4.3", "3b9aac9f27347ec65b271847e6baeb4443d8474289bd18c1d6f4de655b70c94d", [:mix], [{:connection, "~> 1.0", [hex: :connection, repo: "hexpm", optional: false]}, {:telemetry, "~> 0.4 or ~> 1.0", [hex: :telemetry, repo: "hexpm", optional: false]}], "hexpm", "c127c15b0fa6cfb32eed07465e05da6c815b032508d4ed7c116122871df73c12"},
  "decimal": {:hex, :decimal, "2.0.0", "a78296e617b0f5dd4c6caf57c714431347912ffb1d0842e998e9792b5642d697", [:mix], [], "hexpm", "34666e9c55dea81013e77d9d87370fe6cb6291d1ef32f46a1600230b1d44f577"},
  "earmark": {:hex, :earmark, "1.4.37", "56ce845c543393aa3f9b294c818c3d783452a4a67e4ab18c4303a954a8b59363", [:mix], [{:earmark_parser, "~> 1.4.31", [hex: :earmark_parser, repo: "hexpm", optional: false]}], "hexpm", "d86d5e12868db86d5321b00e62a4bbcb4150346e4acc9a90a041fb188a5cb106"},
  "earmark_parser": {:hex, :earmark_parser, "1.4.31", "a93921cdc6b9b869f519213d5bc79d9e218ba768d7270d46fdcf1c01bacff9e2", [:mix], [], "hexpm", "317d367ee0335ef037a87e46c91a2269fef6306413f731e8ec11fc45a7efd059"},
  "ecto": {:hex, :ecto, "3.9.5", "9f0aa7ae44a1577b651c98791c6988cd1b69b21bc724e3fd67090b97f7604263", [:mix], [{:decimal, "~> 1.6 or ~> 2.0", [hex: :decimal, repo: "hexpm", optional: false]}, {:jason, "~> 1.0", [hex: :jason, repo: "hexpm", optional: true]}, {:telemetry, "~> 0.4 or ~> 1.0", [hex: :telemetry, repo: "hexpm", optional: false]}], "hexpm", "d4f3115d8cbacdc0bfa4b742865459fb1371d0715515842a1fb17fe31920b74c"},
  "ecto_sql": {:hex, :ecto_sql, "3.9.2", "34227501abe92dba10d9c3495ab6770e75e79b836d114c41108a4bf2ce200ad5", [:mix], [{:db_connection, "~> 2.4.1 or ~> 2.5", [hex: :db_connection, repo: "hexpm", optional: false]}, {:ecto, "~> 3.9.2", [hex: :ecto, repo: "hexpm", optional: false]}, {:myxql, "~> 0.6.0", [hex: :myxql, repo: "hexpm", optional: true]}, {:postgrex, "~> 0.16.0 or ~> 1.0", [hex: :postgrex, repo: "hexpm", optional: true]}, {:tds, "~> 2.1.1 or ~> 2.2", [hex: :tds, repo: "hexpm", optional: true]}, {:telemetry, "~> 0.4.0 or ~> 1.0", [hex: :telemetry, repo: "hexpm", optional: false]}], "hexpm", "1eb5eeb4358fdbcd42eac11c1fbd87e3affd7904e639d77903c1358b2abd3f70"},
  "elixir_make": {:hex, :elixir_make, "0.7.6", "67716309dc5d43e16b5abbd00c01b8df6a0c2ab54a8f595468035a50189f9169", [:mix], [{:castore, "~> 0.1 or ~> 1.0", [hex: :castore, repo: "hexpm", optional: true]}], "hexpm", "5a0569756b0f7873a77687800c164cca6dfc03a09418e6fcf853d78991f49940"},
  "esbuild": {:hex, :esbuild, "0.7.0", "ce3afb13cd2c5fd63e13c0e2d0e0831487a97a7696cfa563707342bb825d122a", [:mix], [{:castore, ">= 0.0.0", [hex: :castore, repo: "hexpm", optional: false]}], "hexpm", "4ae9f4f237c5ebcb001390b8ada65a12fb2bb04f3fe3d1f1692b7a06fbfe8752"},
  "ex_aws": {:hex, :ex_aws, "2.4.2", "d2686c34b69287cc8dd7629e70131aec05fef3cd3eae13698c9422933f7bc9ee", [:mix], [{:configparser_ex, "~> 4.0", [hex: :configparser_ex, repo: "hexpm", optional: true]}, {:hackney, "~> 1.16", [hex: :hackney, repo: "hexpm", optional: true]}, {:jason, "~> 1.1", [hex: :jason, repo: "hexpm", optional: true]}, {:jsx, "~> 2.8 or ~> 3.0", [hex: :jsx, repo: "hexpm", optional: true]}, {:mime, "~> 1.2 or ~> 2.0", [hex: :mime, repo: "hexpm", optional: false]}, {:sweet_xml, "~> 0.7", [hex: :sweet_xml, repo: "hexpm", optional: true]}, {:telemetry, "~> 0.4.3 or ~> 1.0", [hex: :telemetry, repo: "hexpm", optional: false]}], "hexpm", "0a2c07bd1541b0bef315f67e050d3cb9f947ab1a281896a8c35e3ee4976889f6"},
  "ex_aws_s3": {:hex, :ex_aws_s3, "2.4.0", "ce8decb6b523381812798396bc0e3aaa62282e1b40520125d1f4eff4abdff0f4", [:mix], [{:ex_aws, "~> 2.0", [hex: :ex_aws, repo: "hexpm", optional: false]}, {:sweet_xml, ">= 0.0.0", [hex: :sweet_xml, repo: "hexpm", optional: true]}], "hexpm", "85dda6e27754d94582869d39cba3241d9ea60b6aa4167f9c88e309dc687e56bb"},
  "ex_doc": {:hex, :ex_doc, "0.29.4", "6257ecbb20c7396b1fe5accd55b7b0d23f44b6aa18017b415cb4c2b91d997729", [:mix], [{:earmark_parser, "~> 1.4.31", [hex: :earmark_parser, repo: "hexpm", optional: false]}, {:makeup_elixir, "~> 0.14", [hex: :makeup_elixir, repo: "hexpm", optional: false]}, {:makeup_erlang, "~> 0.1", [hex: :makeup_erlang, repo: "hexpm", optional: false]}], "hexpm", "2c6699a737ae46cb61e4ed012af931b57b699643b24dabe2400a8168414bc4f5"},
  "ex_json_schema": {:hex, :ex_json_schema, "0.7.4", "09eb5b0c8184e5702bc89625a9d0c05c7a0a845d382e9f6f406a0fc1c9a8cc3f", [:mix], [], "hexpm", "45c67fa840f0d719a2b5578126dc29bcdc1f92499c0f61bcb8a3bcb5935f9684"},
  "expo": {:hex, :expo, "0.4.1", "1c61d18a5df197dfda38861673d392e642649a9cef7694d2f97a587b2cfb319b", [:mix], [], "hexpm", "2ff7ba7a798c8c543c12550fa0e2cbc81b95d4974c65855d8d15ba7b37a1ce47"},
  "extwitter": {:hex, :extwitter, "0.14.0", "5e15c5ea5e6a09baaf03fd5da6de1431eeeca0ef05a9c0f6cc62872e5b8816ed", [:mix], [{:jason, "~> 1.1", [hex: :jason, repo: "hexpm", optional: false]}, {:oauther, "~> 1.3", [hex: :oauther, repo: "hexpm", optional: false]}], "hexpm", "5e9bbb491531317062df42ab56ccb8368addb00931b0785c8a5e1d652813b0a8"},
  "faker": {:hex, :faker, "0.17.0", "671019d0652f63aefd8723b72167ecdb284baf7d47ad3a82a15e9b8a6df5d1fa", [:mix], [], "hexpm", "a7d4ad84a93fd25c5f5303510753789fc2433ff241bf3b4144d3f6f291658a6a"},
  "file_system": {:hex, :file_system, "0.2.10", "fb082005a9cd1711c05b5248710f8826b02d7d1784e7c3451f9c1231d4fc162d", [:mix], [], "hexpm", "41195edbfb562a593726eda3b3e8b103a309b733ad25f3d642ba49696bf715dc"},
  "floki": {:hex, :floki, "0.34.2", "5fad07ef153b3b8ec110b6b155ec3780c4b2c4906297d0b4be1a7162d04a7e02", [:mix], [], "hexpm", "26b9d50f0f01796bc6be611ca815c5e0de034d2128e39cc9702eee6b66a4d1c8"},
  "gen_smtp": {:hex, :gen_smtp, "1.2.0", "9cfc75c72a8821588b9b9fe947ae5ab2aed95a052b81237e0928633a13276fd3", [:rebar3], [{:ranch, ">= 1.8.0", [hex: :ranch, repo: "hexpm", optional: false]}], "hexpm", "5ee0375680bca8f20c4d85f58c2894441443a743355430ff33a783fe03296779"},
  "gettext": {:hex, :gettext, "0.22.1", "e7942988383c3d9eed4bdc22fc63e712b655ae94a672a27e4900e3d4a2c43581", [:mix], [{:expo, "~> 0.4.0", [hex: :expo, repo: "hexpm", optional: false]}], "hexpm", "ad105b8dab668ee3f90c0d3d94ba75e9aead27a62495c101d94f2657a190ac5d"},
  "hackney": {:hex, :hackney, "1.18.1", "f48bf88f521f2a229fc7bae88cf4f85adc9cd9bcf23b5dc8eb6a1788c662c4f6", [:rebar3], [{:certifi, "~> 2.9.0", [hex: :certifi, repo: "hexpm", optional: false]}, {:idna, "~> 6.1.0", [hex: :idna, repo: "hexpm", optional: false]}, {:metrics, "~> 1.0.0", [hex: :metrics, repo: "hexpm", optional: false]}, {:mimerl, "~> 1.1", [hex: :mimerl, repo: "hexpm", optional: false]}, {:parse_trans, "3.3.1", [hex: :parse_trans, repo: "hexpm", optional: false]}, {:ssl_verify_fun, "~> 1.1.0", [hex: :ssl_verify_fun, repo: "hexpm", optional: false]}, {:unicode_util_compat, "~> 0.7.0", [hex: :unicode_util_compat, repo: "hexpm", optional: false]}], "hexpm", "a4ecdaff44297e9b5894ae499e9a070ea1888c84afdd1fd9b7b2bc384950128e"},
  "html_entities": {:hex, :html_entities, "0.5.2", "9e47e70598da7de2a9ff6af8758399251db6dbb7eebe2b013f2bbd2515895c3c", [:mix], [], "hexpm", "c53ba390403485615623b9531e97696f076ed415e8d8058b1dbaa28181f4fdcc"},
  "httpoison": {:hex, :httpoison, "1.8.2", "9eb9c63ae289296a544842ef816a85d881d4a31f518a0fec089aaa744beae290", [:mix], [{:hackney, "~> 1.17", [hex: :hackney, repo: "hexpm", optional: false]}], "hexpm", "2bb350d26972e30c96e2ca74a1aaf8293d61d0742ff17f01e0279fef11599921"},
  "idna": {:hex, :idna, "6.1.1", "8a63070e9f7d0c62eb9d9fcb360a7de382448200fbbd1b106cc96d3d8099df8d", [:rebar3], [{:unicode_util_compat, "~> 0.7.0", [hex: :unicode_util_compat, repo: "hexpm", optional: false]}], "hexpm", "92376eb7894412ed19ac475e4a86f7b413c1b9fbb5bd16dccd57934157944cea"},
  "jason": {:hex, :jason, "1.4.0", "e855647bc964a44e2f67df589ccf49105ae039d4179db7f6271dfd3843dc27e6", [:mix], [{:decimal, "~> 1.0 or ~> 2.0", [hex: :decimal, repo: "hexpm", optional: true]}], "hexpm", "79a3791085b2a0f743ca04cec0f7be26443738779d09302e01318f97bdb82121"},
  "makeup": {:hex, :makeup, "1.1.0", "6b67c8bc2882a6b6a445859952a602afc1a41c2e08379ca057c0f525366fc3ca", [:mix], [{:nimble_parsec, "~> 1.2.2 or ~> 1.3", [hex: :nimble_parsec, repo: "hexpm", optional: false]}], "hexpm", "0a45ed501f4a8897f580eabf99a2e5234ea3e75a4373c8a52824f6e873be57a6"},
  "makeup_eex": {:hex, :makeup_eex, "0.1.1", "89352d5da318d97ae27bbcc87201f274504d2b71ede58ca366af6a5fbed9508d", [:mix], [{:makeup, "~> 1.0", [hex: :makeup, repo: "hexpm", optional: false]}, {:makeup_elixir, "~> 0.16", [hex: :makeup_elixir, repo: "hexpm", optional: false]}, {:makeup_html, "~> 0.1.0", [hex: :makeup_html, repo: "hexpm", optional: false]}, {:nimble_parsec, "~> 1.2", [hex: :nimble_parsec, repo: "hexpm", optional: false]}], "hexpm", "d111a0994eaaab09ef1a4b3b313ef806513bb4652152c26c0d7ca2be8402a964"},
  "makeup_elixir": {:hex, :makeup_elixir, "0.16.0", "f8c570a0d33f8039513fbccaf7108c5d750f47d8defd44088371191b76492b0b", [:mix], [{:makeup, "~> 1.0", [hex: :makeup, repo: "hexpm", optional: false]}, {:nimble_parsec, "~> 1.2.3", [hex: :nimble_parsec, repo: "hexpm", optional: false]}], "hexpm", "28b2cbdc13960a46ae9a8858c4bebdec3c9a6d7b4b9e7f4ed1502f8159f338e7"},
  "makeup_erlang": {:hex, :makeup_erlang, "0.1.1", "3fcb7f09eb9d98dc4d208f49cc955a34218fc41ff6b84df7c75b3e6e533cc65f", [:mix], [{:makeup, "~> 1.0", [hex: :makeup, repo: "hexpm", optional: false]}], "hexpm", "174d0809e98a4ef0b3309256cbf97101c6ec01c4ab0b23e926a9e17df2077cbb"},
  "makeup_html": {:hex, :makeup_html, "0.1.0", "b0228fda985e311d8f0d25bed58f8280826633a38d7448cabdd723e116165bcf", [:mix], [{:makeup, "~> 1.0", [hex: :makeup, repo: "hexpm", optional: false]}], "hexpm", "0ca44e7dcb8d933e010740324470dd8ec947243b51304bd34b8165ef3281edc2"},
  "metrics": {:hex, :metrics, "1.0.1", "25f094dea2cda98213cecc3aeff09e940299d950904393b2a29d191c346a8486", [:rebar3], [], "hexpm", "69b09adddc4f74a40716ae54d140f93beb0fb8978d8636eaded0c31b6f099f16"},
  "mime": {:hex, :mime, "2.0.3", "3676436d3d1f7b81b5a2d2bd8405f412c677558c81b1c92be58c00562bb59095", [:mix], [], "hexpm", "27a30bf0db44d25eecba73755acf4068cbfe26a4372f9eb3e4ea3a45956bff6b"},
  "mimerl": {:hex, :mimerl, "1.2.0", "67e2d3f571088d5cfd3e550c383094b47159f3eee8ffa08e64106cdf5e981be3", [:rebar3], [], "hexpm", "f278585650aa581986264638ebf698f8bb19df297f66ad91b18910dfc6e19323"},
  "nimble_parsec": {:hex, :nimble_parsec, "1.2.3", "244836e6e3f1200c7f30cb56733fd808744eca61fd182f731eac4af635cc6d0b", [:mix], [], "hexpm", "c8d789e39b9131acf7b99291e93dae60ab48ef14a7ee9d58c6964f59efb570b0"},
  "oauth2": {:hex, :oauth2, "2.1.0", "beb657f393814a3a7a8a15bd5e5776ecae341fd344df425342a3b6f1904c2989", [:mix], [{:tesla, "~> 1.5", [hex: :tesla, repo: "hexpm", optional: false]}], "hexpm", "8ac07f85b3307dd1acfeb0ec852f64161b22f57d0ce0c15e616a1dfc8ebe2b41"},
  "oauther": {:hex, :oauther, "1.3.0", "82b399607f0ca9d01c640438b34d74ebd9e4acd716508f868e864537ecdb1f76", [:mix], [], "hexpm", "78eb888ea875c72ca27b0864a6f550bc6ee84f2eeca37b093d3d833fbcaec04e"},
  "parse_trans": {:hex, :parse_trans, "3.3.1", "16328ab840cc09919bd10dab29e431da3af9e9e7e7e6f0089dd5a2d2820011d8", [:rebar3], [], "hexpm", "07cd9577885f56362d414e8c4c4e6bdf10d43a8767abb92d24cbe8b24c54888b"},
  "phoenix": {:hex, :phoenix, "1.6.16", "e5bdd18c7a06da5852a25c7befb72246de4ddc289182285f8685a40b7b5f5451", [:mix], [{:castore, ">= 0.0.0", [hex: :castore, repo: "hexpm", optional: false]}, {:jason, "~> 1.0", [hex: :jason, repo: "hexpm", optional: true]}, {:phoenix_pubsub, "~> 2.0", [hex: :phoenix_pubsub, repo: "hexpm", optional: false]}, {:phoenix_view, "~> 1.0 or ~> 2.0", [hex: :phoenix_view, repo: "hexpm", optional: false]}, {:plug, "~> 1.10", [hex: :plug, repo: "hexpm", optional: false]}, {:plug_cowboy, "~> 2.2", [hex: :plug_cowboy, repo: "hexpm", optional: true]}, {:plug_crypto, "~> 1.2", [hex: :plug_crypto, repo: "hexpm", optional: false]}, {:telemetry, "~> 0.4 or ~> 1.0", [hex: :telemetry, repo: "hexpm", optional: false]}], "hexpm", "e15989ff34f670a96b95ef6d1d25bad0d9c50df5df40b671d8f4a669e050ac39"},
  "phoenix_ecto": {:hex, :phoenix_ecto, "4.4.0", "0672ed4e4808b3fbed494dded89958e22fb882de47a97634c0b13e7b0b5f7720", [:mix], [{:ecto, "~> 3.3", [hex: :ecto, repo: "hexpm", optional: false]}, {:phoenix_html, "~> 2.14.2 or ~> 3.0", [hex: :phoenix_html, repo: "hexpm", optional: true]}, {:plug, "~> 1.9", [hex: :plug, repo: "hexpm", optional: false]}], "hexpm", "09864e558ed31ee00bd48fcc1d4fc58ae9678c9e81649075431e69dbabb43cc1"},
  "phoenix_html": {:hex, :phoenix_html, "3.3.1", "4788757e804a30baac6b3fc9695bf5562465dd3f1da8eb8460ad5b404d9a2178", [:mix], [{:plug, "~> 1.5", [hex: :plug, repo: "hexpm", optional: true]}], "hexpm", "bed1906edd4906a15fd7b412b85b05e521e1f67c9a85418c55999277e553d0d3"},
  "phoenix_live_dashboard": {:hex, :phoenix_live_dashboard, "0.6.5", "1495bb014be12c9a9252eca04b9af54246f6b5c1e4cd1f30210cd00ec540cf8e", [:mix], [{:ecto, "~> 3.6.2 or ~> 3.7", [hex: :ecto, repo: "hexpm", optional: true]}, {:ecto_mysql_extras, "~> 0.3", [hex: :ecto_mysql_extras, repo: "hexpm", optional: true]}, {:ecto_psql_extras, "~> 0.7", [hex: :ecto_psql_extras, repo: "hexpm", optional: true]}, {:mime, "~> 1.6 or ~> 2.0", [hex: :mime, repo: "hexpm", optional: false]}, {:phoenix_live_view, "~> 0.17.7", [hex: :phoenix_live_view, repo: "hexpm", optional: false]}, {:telemetry_metrics, "~> 0.6.0", [hex: :telemetry_metrics, repo: "hexpm", optional: false]}], "hexpm", "ef4fa50dd78364409039c99cf6f98ab5209b4c5f8796c17f4db118324f0db852"},
  "phoenix_live_reload": {:hex, :phoenix_live_reload, "1.4.1", "2aff698f5e47369decde4357ba91fc9c37c6487a512b41732818f2204a8ef1d3", [:mix], [{:file_system, "~> 0.2.1 or ~> 0.3", [hex: :file_system, repo: "hexpm", optional: false]}, {:phoenix, "~> 1.4", [hex: :phoenix, repo: "hexpm", optional: false]}], "hexpm", "9bffb834e7ddf08467fe54ae58b5785507aaba6255568ae22b4d46e2bb3615ab"},
  "phoenix_live_view": {:hex, :phoenix_live_view, "0.17.14", "5ec615d4d61bf9d4755f158bd6c80372b715533fe6d6219e12d74fb5eedbeac1", [:mix], [{:jason, "~> 1.0", [hex: :jason, repo: "hexpm", optional: true]}, {:phoenix, "~> 1.6.0 or ~> 1.7.0", [hex: :phoenix, repo: "hexpm", optional: false]}, {:phoenix_html, "~> 3.1", [hex: :phoenix_html, repo: "hexpm", optional: false]}, {:telemetry, "~> 0.4.2 or ~> 1.0", [hex: :telemetry, repo: "hexpm", optional: false]}], "hexpm", "afeb6ba43ce329a6f7fc1c9acdfc6d3039995345f025febb7f409a92f6faebd3"},
  "phoenix_pubsub": {:hex, :phoenix_pubsub, "2.1.1", "ba04e489ef03763bf28a17eb2eaddc2c20c6d217e2150a61e3298b0f4c2012b5", [:mix], [], "hexpm", "81367c6d1eea5878ad726be80808eb5a787a23dee699f96e72b1109c57cdd8d9"},
  "phoenix_swagger": {:hex, :phoenix_swagger, "0.8.3", "298d6204802409d3b0b4fc1013873839478707cf3a62532a9e10fec0e26d0e37", [:mix], [{:ex_json_schema, "~> 0.7.1", [hex: :ex_json_schema, repo: "hexpm", optional: true]}, {:jason, "~> 1.0", [hex: :jason, repo: "hexpm", optional: true]}, {:plug, "~> 1.11", [hex: :plug, repo: "hexpm", optional: false]}, {:poison, "~> 2.2 or ~> 3.0", [hex: :poison, repo: "hexpm", optional: true]}], "hexpm", "3bc0fa9f5b679b8a61b90a52b2c67dd932320e9a84a6f91a4af872a0ab367337"},
  "phoenix_template": {:hex, :phoenix_template, "1.0.1", "85f79e3ad1b0180abb43f9725973e3b8c2c3354a87245f91431eec60553ed3ef", [:mix], [{:phoenix_html, "~> 2.14.2 or ~> 3.0", [hex: :phoenix_html, repo: "hexpm", optional: true]}], "hexpm", "157dc078f6226334c91cb32c1865bf3911686f8bcd6bcff86736f6253e6993ee"},
  "phoenix_view": {:hex, :phoenix_view, "2.0.2", "6bd4d2fd595ef80d33b439ede6a19326b78f0f1d8d62b9a318e3d9c1af351098", [:mix], [{:phoenix_html, "~> 2.14.2 or ~> 3.0", [hex: :phoenix_html, repo: "hexpm", optional: true]}, {:phoenix_template, "~> 1.0", [hex: :phoenix_template, repo: "hexpm", optional: false]}], "hexpm", "a929e7230ea5c7ee0e149ffcf44ce7cf7f4b6d2bfe1752dd7c084cdff152d36f"},
  "phx_live_storybook": {:hex, :phx_live_storybook, "0.3.0", "0f4fd16942cb0044444381e1fdfb239b1a6fe3837f871e7c06caf38c0251730c", [:mix], [{:jason, "~> 1.3", [hex: :jason, repo: "hexpm", optional: true]}, {:makeup_eex, "~> 0.1.0", [hex: :makeup_eex, repo: "hexpm", optional: false]}, {:phoenix_live_view, "~> 0.17.11", [hex: :phoenix_live_view, repo: "hexpm", optional: false]}], "hexpm", "00f57de08c0ea3c3c7ddb468ad7e65187af51c3c64bf801eb44f2dc47ce004cf"},
  "plug": {:hex, :plug, "1.14.2", "cff7d4ec45b4ae176a227acd94a7ab536d9b37b942c8e8fa6dfc0fff98ff4d80", [:mix], [{:mime, "~> 1.0 or ~> 2.0", [hex: :mime, repo: "hexpm", optional: false]}, {:plug_crypto, "~> 1.1.1 or ~> 1.2", [hex: :plug_crypto, repo: "hexpm", optional: false]}, {:telemetry, "~> 0.4.3 or ~> 1.0", [hex: :telemetry, repo: "hexpm", optional: false]}], "hexpm", "842fc50187e13cf4ac3b253d47d9474ed6c296a8732752835ce4a86acdf68d13"},
  "plug_cowboy": {:hex, :plug_cowboy, "2.6.1", "9a3bbfceeb65eff5f39dab529e5cd79137ac36e913c02067dba3963a26efe9b2", [:mix], [{:cowboy, "~> 2.7", [hex: :cowboy, repo: "hexpm", optional: false]}, {:cowboy_telemetry, "~> 0.3", [hex: :cowboy_telemetry, repo: "hexpm", optional: false]}, {:plug, "~> 1.14", [hex: :plug, repo: "hexpm", optional: false]}], "hexpm", "de36e1a21f451a18b790f37765db198075c25875c64834bcc82d90b309eb6613"},
  "plug_crypto": {:hex, :plug_crypto, "1.2.5", "918772575e48e81e455818229bf719d4ab4181fcbf7f85b68a35620f78d89ced", [:mix], [], "hexpm", "26549a1d6345e2172eb1c233866756ae44a9609bd33ee6f99147ab3fd87fd842"},
  "postgrex": {:hex, :postgrex, "0.16.5", "fcc4035cc90e23933c5d69a9cd686e329469446ef7abba2cf70f08e2c4b69810", [:mix], [{:connection, "~> 1.1", [hex: :connection, repo: "hexpm", optional: false]}, {:db_connection, "~> 2.1", [hex: :db_connection, repo: "hexpm", optional: false]}, {:decimal, "~> 1.5 or ~> 2.0", [hex: :decimal, repo: "hexpm", optional: false]}, {:jason, "~> 1.0", [hex: :jason, repo: "hexpm", optional: true]}, {:table, "~> 0.1.0", [hex: :table, repo: "hexpm", optional: true]}], "hexpm", "edead639dc6e882618c01d8fc891214c481ab9a3788dfe38dd5e37fd1d5fb2e8"},
  "ranch": {:hex, :ranch, "1.8.0", "8c7a100a139fd57f17327b6413e4167ac559fbc04ca7448e9be9057311597a1d", [:make, :rebar3], [], "hexpm", "49fbcfd3682fab1f5d109351b61257676da1a2fdbe295904176d5e521a2ddfe5"},
  "sentry": {:hex, :sentry, "8.0.6", "c8de1bf0523bc120ec37d596c55260901029ecb0994e7075b0973328779ceef7", [:mix], [{:hackney, "~> 1.8", [hex: :hackney, repo: "hexpm", optional: true]}, {:jason, "~> 1.1", [hex: :jason, repo: "hexpm", optional: true]}, {:plug, "~> 1.6", [hex: :plug, repo: "hexpm", optional: true]}, {:plug_cowboy, "~> 2.3", [hex: :plug_cowboy, repo: "hexpm", optional: true]}], "hexpm", "051a2d0472162f3137787c7c9d6e6e4ef239de9329c8c45b1f1bf1e9379e1883"},
  "ssl_verify_fun": {:hex, :ssl_verify_fun, "1.1.6", "cf344f5692c82d2cd7554f5ec8fd961548d4fd09e7d22f5b62482e5aeaebd4b0", [:make, :mix, :rebar3], [], "hexpm", "bdb0d2471f453c88ff3908e7686f86f9be327d065cc1ec16fa4540197ea04680"},
  "stripity_stripe": {:hex, :stripity_stripe, "2.17.3", "2c03a8a42aad26f0f1b751332f846bf624081cec0f2fdaceefe96e61238bd58f", [:mix], [{:hackney, "~> 1.18", [hex: :hackney, repo: "hexpm", optional: false]}, {:jason, "~> 1.1", [hex: :jason, repo: "hexpm", optional: false]}, {:plug, "~> 1.14", [hex: :plug, repo: "hexpm", optional: true]}, {:telemetry, "~> 1.1", [hex: :telemetry, repo: "hexpm", optional: false]}, {:uri_query, "~> 0.1.2", [hex: :uri_query, repo: "hexpm", optional: false]}], "hexpm", "85e3d2729a7668b39cadb4dc51c67ae83c7300eda6d6f62dd06e5b04f1471080"},
  "sweet_xml": {:hex, :sweet_xml, "0.7.3", "debb256781c75ff6a8c5cbf7981146312b66f044a2898f453709a53e5031b45b", [:mix], [], "hexpm", "e110c867a1b3fe74bfc7dd9893aa851f0eed5518d0d7cad76d7baafd30e4f5ba"},
  "swoosh": {:hex, :swoosh, "1.9.1", "0a5d7bf9954eb41d7e55525bc0940379982b090abbaef67cd8e1fd2ed7f8ca1a", [:mix], [{:cowboy, "~> 1.1 or ~> 2.4", [hex: :cowboy, repo: "hexpm", optional: true]}, {:ex_aws, "~> 2.1", [hex: :ex_aws, repo: "hexpm", optional: true]}, {:finch, "~> 0.6", [hex: :finch, repo: "hexpm", optional: true]}, {:gen_smtp, "~> 0.13 or ~> 1.0", [hex: :gen_smtp, repo: "hexpm", optional: true]}, {:hackney, "~> 1.9", [hex: :hackney, repo: "hexpm", optional: true]}, {:jason, "~> 1.0", [hex: :jason, repo: "hexpm", optional: false]}, {:mail, "~> 0.2", [hex: :mail, repo: "hexpm", optional: true]}, {:mime, "~> 1.1 or ~> 2.0", [hex: :mime, repo: "hexpm", optional: false]}, {:plug_cowboy, ">= 1.0.0", [hex: :plug_cowboy, repo: "hexpm", optional: true]}, {:telemetry, "~> 0.4.2 or ~> 1.0", [hex: :telemetry, repo: "hexpm", optional: false]}], "hexpm", "76dffff3ffcab80f249d5937a592eaef7cc49ac6f4cdd27e622868326ed6371e"},
  "table_rex": {:hex, :table_rex, "3.1.1", "0c67164d1714b5e806d5067c1e96ff098ba7ae79413cc075973e17c38a587caa", [:mix], [], "hexpm", "678a23aba4d670419c23c17790f9dcd635a4a89022040df7d5d772cb21012490"},
  "tailwind": {:hex, :tailwind, "0.2.0", "95f9e4a32020c5bec480f1d6a43a49ac8030b13183127b577605f506d6e13a66", [:mix], [{:castore, ">= 0.0.0", [hex: :castore, repo: "hexpm", optional: false]}], "hexpm", "385e939fcd7fe4654be5130b187e358aaabade385513f9d200ffecdbb9552a9e"},
  "telemetry": {:hex, :telemetry, "1.2.1", "68fdfe8d8f05a8428483a97d7aab2f268aaff24b49e0f599faa091f1d4e7f61c", [:rebar3], [], "hexpm", "dad9ce9d8effc621708f99eac538ef1cbe05d6a874dd741de2e689c47feafed5"},
  "telemetry_metrics": {:hex, :telemetry_metrics, "0.6.1", "315d9163a1d4660aedc3fee73f33f1d355dcc76c5c3ab3d59e76e3edf80eef1f", [:mix], [{:telemetry, "~> 0.4 or ~> 1.0", [hex: :telemetry, repo: "hexpm", optional: false]}], "hexpm", "7be9e0871c41732c233be71e4be11b96e56177bf15dde64a8ac9ce72ac9834c6"},
  "telemetry_poller": {:hex, :telemetry_poller, "1.0.0", "db91bb424e07f2bb6e73926fcafbfcbcb295f0193e0a00e825e589a0a47e8453", [:rebar3], [{:telemetry, "~> 1.0", [hex: :telemetry, repo: "hexpm", optional: false]}], "hexpm", "b3a24eafd66c3f42da30fc3ca7dda1e9d546c12250a2d60d7b81d264fbec4f6e"},
  "tesla": {:hex, :tesla, "1.5.1", "f2ba04f5e6ace0f1954f1fb4375f55809a5f2ff491c18ccb09fbc98370d4280b", [:mix], [{:castore, "~> 0.1 or ~> 1.0", [hex: :castore, repo: "hexpm", optional: true]}, {:exjsx, ">= 3.0.0", [hex: :exjsx, repo: "hexpm", optional: true]}, {:finch, "~> 0.13", [hex: :finch, repo: "hexpm", optional: true]}, {:fuse, "~> 2.4", [hex: :fuse, repo: "hexpm", optional: true]}, {:gun, "~> 1.3", [hex: :gun, repo: "hexpm", optional: true]}, {:hackney, "~> 1.6", [hex: :hackney, repo: "hexpm", optional: true]}, {:ibrowse, "4.4.0", [hex: :ibrowse, repo: "hexpm", optional: true]}, {:jason, ">= 1.0.0", [hex: :jason, repo: "hexpm", optional: true]}, {:mime, "~> 1.0 or ~> 2.0", [hex: :mime, repo: "hexpm", optional: false]}, {:mint, "~> 1.0", [hex: :mint, repo: "hexpm", optional: true]}, {:msgpax, "~> 2.3", [hex: :msgpax, repo: "hexpm", optional: true]}, {:poison, ">= 1.0.0", [hex: :poison, repo: "hexpm", optional: true]}, {:telemetry, "~> 0.4 or ~> 1.0", [hex: :telemetry, repo: "hexpm", optional: true]}], "hexpm", "2815d4f6550973d1ed65692d545d079174f6a1f8cb4775f6eb606cbc0666a9de"},
  "timex": {:hex, :timex, "3.7.11", "bb95cb4eb1d06e27346325de506bcc6c30f9c6dea40d1ebe390b262fad1862d1", [:mix], [{:combine, "~> 0.10", [hex: :combine, repo: "hexpm", optional: false]}, {:gettext, "~> 0.20", [hex: :gettext, repo: "hexpm", optional: false]}, {:tzdata, "~> 1.1", [hex: :tzdata, repo: "hexpm", optional: false]}], "hexpm", "8b9024f7efbabaf9bd7aa04f65cf8dcd7c9818ca5737677c7b76acbc6a94d1aa"},
  "typed_struct": {:hex, :typed_struct, "0.3.0", "939789e3c1dca39d7170c87f729127469d1315dcf99fee8e152bb774b17e7ff7", [:mix], [], "hexpm", "c50bd5c3a61fe4e198a8504f939be3d3c85903b382bde4865579bc23111d1b6d"},
  "tzdata": {:hex, :tzdata, "1.1.1", "20c8043476dfda8504952d00adac41c6eda23912278add38edc140ae0c5bcc46", [:mix], [{:hackney, "~> 1.17", [hex: :hackney, repo: "hexpm", optional: false]}], "hexpm", "a69cec8352eafcd2e198dea28a34113b60fdc6cb57eb5ad65c10292a6ba89787"},
  "ueberauth": {:hex, :ueberauth, "0.10.5", "806adb703df87e55b5615cf365e809f84c20c68aa8c08ff8a416a5a6644c4b02", [:mix], [{:plug, "~> 1.5", [hex: :plug, repo: "hexpm", optional: false]}], "hexpm", "3efd1f31d490a125c7ed453b926f7c31d78b97b8a854c755f5c40064bf3ac9e1"},
  "ueberauth_github": {:hex, :ueberauth_github, "0.8.2", "6e12332172ebfadb6fbe2feaeddbd8c421f8ebf9d425d1367c2dce2a35f6bf21", [:mix], [{:oauth2, "~> 1.0 or ~> 2.0", [hex: :oauth2, repo: "hexpm", optional: false]}, {:ueberauth, "~> 0.7", [hex: :ueberauth, repo: "hexpm", optional: false]}], "hexpm", "98ed414ee313bd754135ab9689e8f16863c5691d11c8526800457cce6153d4e2"},
  "unicode_util_compat": {:hex, :unicode_util_compat, "0.7.0", "bc84380c9ab48177092f43ac89e4dfa2c6d62b40b8bd132b1059ecc7232f9a78", [:rebar3], [], "hexpm", "25eee6d67df61960cf6a794239566599b09e17e668d3700247bc498638152521"},
  "uri_query": {:hex, :uri_query, "0.1.2", "ae35b83b472f3568c2c159eee3f3ccf585375d8a94fb5382db1ea3589e75c3b4", [:mix], [], "hexpm", "e3bc81816c98502c36498b9b2f239b89c71ce5eadfff7ceb2d6c0a2e6ae2ea0c"},
  "waffle": {:hex, :waffle, "1.1.7", "518f9bdda7b9b3d0958ad6ab16066631ce028f5f12217382822a428895fc4be3", [:mix], [{:ex_aws, "~> 2.1", [hex: :ex_aws, repo: "hexpm", optional: true]}, {:ex_aws_s3, "~> 2.1", [hex: :ex_aws_s3, repo: "hexpm", optional: true]}, {:hackney, "~> 1.9", [hex: :hackney, repo: "hexpm", optional: false]}, {:sweet_xml, "~> 0.6", [hex: :sweet_xml, repo: "hexpm", optional: true]}], "hexpm", "e97e7b10b7f380687b5dc5e65b391538a802eff636605ad183e0bed29b45b0ef"},
  "waffle_ecto": {:hex, :waffle_ecto, "0.0.12", "e5c17c49b071b903df71861c642093281123142dc4e9908c930db3e06795b040", [:mix], [{:ecto, "~> 3.0", [hex: :ecto, repo: "hexpm", optional: false]}, {:waffle, "~> 1.0", [hex: :waffle, repo: "hexpm", optional: false]}], "hexpm", "585fe6371057066d2e8e3383ddd7a2437ff0668caf3f4cbf5a041e0de9837168"},
  "yamerl": {:hex, :yamerl, "0.10.0", "4ff81fee2f1f6a46f1700c0d880b24d193ddb74bd14ef42cb0bcf46e81ef2f8e", [:rebar3], [], "hexpm", "346adb2963f1051dc837a2364e4acf6eb7d80097c0f53cbdc3046ec8ec4b4e6e"},
  "yaml_elixir": {:hex, :yaml_elixir, "2.8.0", "c7ff0034daf57279c2ce902788ce6fdb2445532eb4317e8df4b044209fae6832", [:mix], [{:yamerl, "~> 0.8", [hex: :yamerl, repo: "hexpm", optional: false]}], "hexpm", "4b674bd881e373d1ac6a790c64b2ecb69d1fd612c2af3b22de1619c15473830b"},
}
